// !$*UTF8*$!
{
	archiveVersion = 1;
	classes = {
	};
	objectVersion = 51;
	objects = {

/* Begin PBXBuildFile section */
		3B3B177C26A461CA00448DAB /* AppDelegate.swift in Sources */ = {isa = PBXBuildFile; fileRef = 3B3B177B26A461CA00448DAB /* AppDelegate.swift */; };
		3B3B177E26A461CA00448DAB /* SceneDelegate.swift in Sources */ = {isa = PBXBuildFile; fileRef = 3B3B177D26A461CA00448DAB /* SceneDelegate.swift */; };
		3B3B178326A461CA00448DAB /* Main.storyboard in Resources */ = {isa = PBXBuildFile; fileRef = 3B3B178126A461CA00448DAB /* Main.storyboard */; };
		3B3B178526A461CD00448DAB /* Assets.xcassets in Resources */ = {isa = PBXBuildFile; fileRef = 3B3B178426A461CD00448DAB /* Assets.xcassets */; };
		3B3B178826A461CD00448DAB /* LaunchScreen.storyboard in Resources */ = {isa = PBXBuildFile; fileRef = 3B3B178626A461CD00448DAB /* LaunchScreen.storyboard */; };
		3B3B179126A46B6800448DAB /* MainViewController.swift in Sources */ = {isa = PBXBuildFile; fileRef = 3B3B179026A46B6800448DAB /* MainViewController.swift */; };
		3B3B179326A46B7500448DAB /* AddMemoViewController.swift in Sources */ = {isa = PBXBuildFile; fileRef = 3B3B179226A46B7500448DAB /* AddMemoViewController.swift */; };
		3B3B179526A46B8000448DAB /* DetailViewController.swift in Sources */ = {isa = PBXBuildFile; fileRef = 3B3B179426A46B8000448DAB /* DetailViewController.swift */; };
		E8CC9706FD1234E0CBB1E00F /* Pods_CloudMemoApp.framework in Frameworks */ = {isa = PBXBuildFile; fileRef = 9CF7B373E67B1331450BF318 /* Pods_CloudMemoApp.framework */; };
/* End PBXBuildFile section */

/* Begin PBXFileReference section */
		045A3596CF55518AE6D7D389 /* Pods-CloudMemoApp.release.xcconfig */ = {isa = PBXFileReference; includeInIndex = 1; lastKnownFileType = text.xcconfig; name = "Pods-CloudMemoApp.release.xcconfig"; path = "Target Support Files/Pods-CloudMemoApp/Pods-CloudMemoApp.release.xcconfig"; sourceTree = "<group>"; };
		3B3B177826A461CA00448DAB /* CloudMemoApp.app */ = {isa = PBXFileReference; explicitFileType = wrapper.application; includeInIndex = 0; path = CloudMemoApp.app; sourceTree = BUILT_PRODUCTS_DIR; };
		3B3B177B26A461CA00448DAB /* AppDelegate.swift */ = {isa = PBXFileReference; lastKnownFileType = sourcecode.swift; path = AppDelegate.swift; sourceTree = "<group>"; };
		3B3B177D26A461CA00448DAB /* SceneDelegate.swift */ = {isa = PBXFileReference; lastKnownFileType = sourcecode.swift; path = SceneDelegate.swift; sourceTree = "<group>"; };
		3B3B178226A461CA00448DAB /* Base */ = {isa = PBXFileReference; lastKnownFileType = file.storyboard; name = Base; path = Base.lproj/Main.storyboard; sourceTree = "<group>"; };
		3B3B178426A461CD00448DAB /* Assets.xcassets */ = {isa = PBXFileReference; lastKnownFileType = folder.assetcatalog; path = Assets.xcassets; sourceTree = "<group>"; };
		3B3B178726A461CD00448DAB /* Base */ = {isa = PBXFileReference; lastKnownFileType = file.storyboard; name = Base; path = Base.lproj/LaunchScreen.storyboard; sourceTree = "<group>"; };
		3B3B178926A461CD00448DAB /* Info.plist */ = {isa = PBXFileReference; lastKnownFileType = text.plist.xml; path = Info.plist; sourceTree = "<group>"; };
		3B3B179026A46B6800448DAB /* MainViewController.swift */ = {isa = PBXFileReference; lastKnownFileType = sourcecode.swift; path = MainViewController.swift; sourceTree = "<group>"; };
		3B3B179226A46B7500448DAB /* AddMemoViewController.swift */ = {isa = PBXFileReference; lastKnownFileType = sourcecode.swift; path = AddMemoViewController.swift; sourceTree = "<group>"; };
		3B3B179426A46B8000448DAB /* DetailViewController.swift */ = {isa = PBXFileReference; lastKnownFileType = sourcecode.swift; path = DetailViewController.swift; sourceTree = "<group>"; };
		9CF7B373E67B1331450BF318 /* Pods_CloudMemoApp.framework */ = {isa = PBXFileReference; explicitFileType = wrapper.framework; includeInIndex = 0; path = Pods_CloudMemoApp.framework; sourceTree = BUILT_PRODUCTS_DIR; };
		B65C11BE494C750D99933D39 /* Pods-CloudMemoApp.debug.xcconfig */ = {isa = PBXFileReference; includeInIndex = 1; lastKnownFileType = text.xcconfig; name = "Pods-CloudMemoApp.debug.xcconfig"; path = "Target Support Files/Pods-CloudMemoApp/Pods-CloudMemoApp.debug.xcconfig"; sourceTree = "<group>"; };
/* End PBXFileReference section */

/* Begin PBXFrameworksBuildPhase section */
		3B3B177526A461CA00448DAB /* Frameworks */ = {
			isa = PBXFrameworksBuildPhase;
			buildActionMask = 2147483647;
			files = (
				E8CC9706FD1234E0CBB1E00F /* Pods_CloudMemoApp.framework in Frameworks */,
			);
			runOnlyForDeploymentPostprocessing = 0;
		};
/* End PBXFrameworksBuildPhase section */

/* Begin PBXGroup section */
		17B0A22538080487AC7A2338 /* Frameworks */ = {
			isa = PBXGroup;
			children = (
				9CF7B373E67B1331450BF318 /* Pods_CloudMemoApp.framework */,
			);
			name = Frameworks;
			sourceTree = "<group>";
		};
		3B3B176F26A461CA00448DAB = {
			isa = PBXGroup;
			children = (
				3B3B177A26A461CA00448DAB /* CloudMemoApp */,
				3B3B177926A461CA00448DAB /* Products */,
				BB42E6227A767C5609DA9023 /* Pods */,
				17B0A22538080487AC7A2338 /* Frameworks */,
			);
			sourceTree = "<group>";
		};
		3B3B177926A461CA00448DAB /* Products */ = {
			isa = PBXGroup;
			children = (
				3B3B177826A461CA00448DAB /* CloudMemoApp.app */,
			);
			name = Products;
			sourceTree = "<group>";
		};
		3B3B177A26A461CA00448DAB /* CloudMemoApp */ = {
			isa = PBXGroup;
			children = (
				3B3B178F26A469F100448DAB /* VC */,
				3B3B177B26A461CA00448DAB /* AppDelegate.swift */,
				3B3B177D26A461CA00448DAB /* SceneDelegate.swift */,
				3B3B178426A461CD00448DAB /* Assets.xcassets */,
				3B3B178626A461CD00448DAB /* LaunchScreen.storyboard */,
				3B3B178926A461CD00448DAB /* Info.plist */,
			);
			path = CloudMemoApp;
			sourceTree = "<group>";
		};
		3B3B178F26A469F100448DAB /* VC */ = {
			isa = PBXGroup;
			children = (
				3B3B179026A46B6800448DAB /* MainViewController.swift */,
				3B3B179226A46B7500448DAB /* AddMemoViewController.swift */,
				3B3B179426A46B8000448DAB /* DetailViewController.swift */,
				3B3B178126A461CA00448DAB /* Main.storyboard */,
			);
			path = VC;
			sourceTree = "<group>";
		};
		BB42E6227A767C5609DA9023 /* Pods */ = {
			isa = PBXGroup;
			children = (
				B65C11BE494C750D99933D39 /* Pods-CloudMemoApp.debug.xcconfig */,
				045A3596CF55518AE6D7D389 /* Pods-CloudMemoApp.release.xcconfig */,
			);
			path = Pods;
			sourceTree = "<group>";
		};
/* End PBXGroup section */

/* Begin PBXNativeTarget section */
		3B3B177726A461CA00448DAB /* CloudMemoApp */ = {
			isa = PBXNativeTarget;
			buildConfigurationList = 3B3B178C26A461CD00448DAB /* Build configuration list for PBXNativeTarget "CloudMemoApp" */;
			buildPhases = (
				C4169F28221D64AE9A2C6197 /* [CP] Check Pods Manifest.lock */,
				3B3B177426A461CA00448DAB /* Sources */,
				3B3B177526A461CA00448DAB /* Frameworks */,
				3B3B177626A461CA00448DAB /* Resources */,
				A888AB29420731FDE68F45C9 /* [CP] Embed Pods Frameworks */,
			);
			buildRules = (
			);
			dependencies = (
			);
			name = CloudMemoApp;
			productName = CloudMemoApp;
			productReference = 3B3B177826A461CA00448DAB /* CloudMemoApp.app */;
			productType = "com.apple.product-type.application";
		};
/* End PBXNativeTarget section */

/* Begin PBXProject section */
		3B3B177026A461CA00448DAB /* Project object */ = {
			isa = PBXProject;
			attributes = {
				LastSwiftUpdateCheck = 1250;
				LastUpgradeCheck = 1250;
				TargetAttributes = {
					3B3B177726A461CA00448DAB = {
						CreatedOnToolsVersion = 12.5.1;
					};
				};
			};
			buildConfigurationList = 3B3B177326A461CA00448DAB /* Build configuration list for PBXProject "CloudMemoApp" */;
			compatibilityVersion = "Xcode 9.3";
			developmentRegion = en;
			hasScannedForEncodings = 0;
			knownRegions = (
				en,
				Base,
			);
			mainGroup = 3B3B176F26A461CA00448DAB;
			productRefGroup = 3B3B177926A461CA00448DAB /* Products */;
			projectDirPath = "";
			projectRoot = "";
			targets = (
				3B3B177726A461CA00448DAB /* CloudMemoApp */,
			);
		};
/* End PBXProject section */

/* Begin PBXResourcesBuildPhase section */
		3B3B177626A461CA00448DAB /* Resources */ = {
			isa = PBXResourcesBuildPhase;
			buildActionMask = 2147483647;
			files = (
				3B3B178826A461CD00448DAB /* LaunchScreen.storyboard in Resources */,
				3B3B178526A461CD00448DAB /* Assets.xcassets in Resources */,
				3B3B178326A461CA00448DAB /* Main.storyboard in Resources */,
			);
			runOnlyForDeploymentPostprocessing = 0;
		};
/* End PBXResourcesBuildPhase section */

/* Begin PBXShellScriptBuildPhase section */
		A888AB29420731FDE68F45C9 /* [CP] Embed Pods Frameworks */ = {
			isa = PBXShellScriptBuildPhase;
			buildActionMask = 2147483647;
			files = (
			);
			inputFileListPaths = (
				"${PODS_ROOT}/Target Support Files/Pods-CloudMemoApp/Pods-CloudMemoApp-frameworks-${CONFIGURATION}-input-files.xcfilelist",
			);
			name = "[CP] Embed Pods Frameworks";
			outputFileListPaths = (
				"${PODS_ROOT}/Target Support Files/Pods-CloudMemoApp/Pods-CloudMemoApp-frameworks-${CONFIGURATION}-output-files.xcfilelist",
			);
			runOnlyForDeploymentPostprocessing = 0;
			shellPath = /bin/sh;
			shellScript = "\"${PODS_ROOT}/Target Support Files/Pods-CloudMemoApp/Pods-CloudMemoApp-frameworks.sh\"\n";
			showEnvVarsInLog = 0;
		};
		C4169F28221D64AE9A2C6197 /* [CP] Check Pods Manifest.lock */ = {
			isa = PBXShellScriptBuildPhase;
			buildActionMask = 2147483647;
			files = (
			);
			inputFileListPaths = (
			);
			inputPaths = (
				"${PODS_PODFILE_DIR_PATH}/Podfile.lock",
				"${PODS_ROOT}/Manifest.lock",
			);
			name = "[CP] Check Pods Manifest.lock";
			outputFileListPaths = (
			);
			outputPaths = (
				"$(DERIVED_FILE_DIR)/Pods-CloudMemoApp-checkManifestLockResult.txt",
			);
			runOnlyForDeploymentPostprocessing = 0;
			shellPath = /bin/sh;
			shellScript = "diff \"${PODS_PODFILE_DIR_PATH}/Podfile.lock\" \"${PODS_ROOT}/Manifest.lock\" > /dev/null\nif [ $? != 0 ] ; then\n    # print error to STDERR\n    echo \"error: The sandbox is not in sync with the Podfile.lock. Run 'pod install' or update your CocoaPods installation.\" >&2\n    exit 1\nfi\n# This output is used by Xcode 'outputs' to avoid re-running this script phase.\necho \"SUCCESS\" > \"${SCRIPT_OUTPUT_FILE_0}\"\n";
			showEnvVarsInLog = 0;
		};
/* End PBXShellScriptBuildPhase section */

/* Begin PBXSourcesBuildPhase section */
		3B3B177426A461CA00448DAB /* Sources */ = {
			isa = PBXSourcesBuildPhase;
			buildActionMask = 2147483647;
			files = (
				3B3B179326A46B7500448DAB /* AddMemoViewController.swift in Sources */,
				3B3B179126A46B6800448DAB /* MainViewController.swift in Sources */,
				3B3B179526A46B8000448DAB /* DetailViewController.swift in Sources */,
				3B3B177C26A461CA00448DAB /* AppDelegate.swift in Sources */,
				3B3B177E26A461CA00448DAB /* SceneDelegate.swift in Sources */,
			);
			runOnlyForDeploymentPostprocessing = 0;
		};
/* End PBXSourcesBuildPhase section */

/* Begin PBXVariantGroup section */
		3B3B178126A461CA00448DAB /* Main.storyboard */ = {
			isa = PBXVariantGroup;
			children = (
				3B3B178226A461CA00448DAB /* Base */,
			);
			name = Main.storyboard;
			sourceTree = "<group>";
		};
		3B3B178626A461CD00448DAB /* LaunchScreen.storyboard */ = {
			isa = PBXVariantGroup;
			children = (
				3B3B178726A461CD00448DAB /* Base */,
			);
			name = LaunchScreen.storyboard;
			sourceTree = "<group>";
		};
/* End PBXVariantGroup section */

/* Begin XCBuildConfiguration section */
		3B3B178A26A461CD00448DAB /* Debug */ = {
			isa = XCBuildConfiguration;
			buildSettings = {
				ALWAYS_SEARCH_USER_PATHS = NO;
				CLANG_ANALYZER_NONNULL = YES;
				CLANG_ANALYZER_NUMBER_OBJECT_CONVERSION = YES_AGGRESSIVE;
				CLANG_CXX_LANGUAGE_STANDARD = "gnu++14";
				CLANG_CXX_LIBRARY = "libc++";
				CLANG_ENABLE_MODULES = YES;
				CLANG_ENABLE_OBJC_ARC = YES;
				CLANG_ENABLE_OBJC_WEAK = YES;
				CLANG_WARN_BLOCK_CAPTURE_AUTORELEASING = YES;
				CLANG_WARN_BOOL_CONVERSION = YES;
				CLANG_WARN_COMMA = YES;
				CLANG_WARN_CONSTANT_CONVERSION = YES;
				CLANG_WARN_DEPRECATED_OBJC_IMPLEMENTATIONS = YES;
				CLANG_WARN_DIRECT_OBJC_ISA_USAGE = YES_ERROR;
				CLANG_WARN_DOCUMENTATION_COMMENTS = YES;
				CLANG_WARN_EMPTY_BODY = YES;
				CLANG_WARN_ENUM_CONVERSION = YES;
				CLANG_WARN_INFINITE_RECURSION = YES;
				CLANG_WARN_INT_CONVERSION = YES;
				CLANG_WARN_NON_LITERAL_NULL_CONVERSION = YES;
				CLANG_WARN_OBJC_IMPLICIT_RETAIN_SELF = YES;
				CLANG_WARN_OBJC_LITERAL_CONVERSION = YES;
				CLANG_WARN_OBJC_ROOT_CLASS = YES_ERROR;
				CLANG_WARN_QUOTED_INCLUDE_IN_FRAMEWORK_HEADER = YES;
				CLANG_WARN_RANGE_LOOP_ANALYSIS = YES;
				CLANG_WARN_STRICT_PROTOTYPES = YES;
				CLANG_WARN_SUSPICIOUS_MOVE = YES;
				CLANG_WARN_UNGUARDED_AVAILABILITY = YES_AGGRESSIVE;
				CLANG_WARN_UNREACHABLE_CODE = YES;
				CLANG_WARN__DUPLICATE_METHOD_MATCH = YES;
				COPY_PHASE_STRIP = NO;
				DEBUG_INFORMATION_FORMAT = dwarf;
				ENABLE_STRICT_OBJC_MSGSEND = YES;
				ENABLE_TESTABILITY = YES;
				GCC_C_LANGUAGE_STANDARD = gnu11;
				GCC_DYNAMIC_NO_PIC = NO;
				GCC_NO_COMMON_BLOCKS = YES;
				GCC_OPTIMIZATION_LEVEL = 0;
				GCC_PREPROCESSOR_DEFINITIONS = (
					"DEBUG=1",
					"$(inherited)",
				);
				GCC_WARN_64_TO_32_BIT_CONVERSION = YES;
				GCC_WARN_ABOUT_RETURN_TYPE = YES_ERROR;
				GCC_WARN_UNDECLARED_SELECTOR = YES;
				GCC_WARN_UNINITIALIZED_AUTOS = YES_AGGRESSIVE;
				GCC_WARN_UNUSED_FUNCTION = YES;
				GCC_WARN_UNUSED_VARIABLE = YES;
				IPHONEOS_DEPLOYMENT_TARGET = 14.5;
				MTL_ENABLE_DEBUG_INFO = INCLUDE_SOURCE;
				MTL_FAST_MATH = YES;
				ONLY_ACTIVE_ARCH = YES;
				SDKROOT = iphoneos;
				SWIFT_ACTIVE_COMPILATION_CONDITIONS = DEBUG;
				SWIFT_OPTIMIZATION_LEVEL = "-Onone";
			};
			name = Debug;
		};
		3B3B178B26A461CD00448DAB /* Release */ = {
			isa = XCBuildConfiguration;
			buildSettings = {
				ALWAYS_SEARCH_USER_PATHS = NO;
				CLANG_ANALYZER_NONNULL = YES;
				CLANG_ANALYZER_NUMBER_OBJECT_CONVERSION = YES_AGGRESSIVE;
				CLANG_CXX_LANGUAGE_STANDARD = "gnu++14";
				CLANG_CXX_LIBRARY = "libc++";
				CLANG_ENABLE_MODULES = YES;
				CLANG_ENABLE_OBJC_ARC = YES;
				CLANG_ENABLE_OBJC_WEAK = YES;
				CLANG_WARN_BLOCK_CAPTURE_AUTORELEASING = YES;
				CLANG_WARN_BOOL_CONVERSION = YES;
				CLANG_WARN_COMMA = YES;
				CLANG_WARN_CONSTANT_CONVERSION = YES;
				CLANG_WARN_DEPRECATED_OBJC_IMPLEMENTATIONS = YES;
				CLANG_WARN_DIRECT_OBJC_ISA_USAGE = YES_ERROR;
				CLANG_WARN_DOCUMENTATION_COMMENTS = YES;
				CLANG_WARN_EMPTY_BODY = YES;
				CLANG_WARN_ENUM_CONVERSION = YES;
				CLANG_WARN_INFINITE_RECURSION = YES;
				CLANG_WARN_INT_CONVERSION = YES;
				CLANG_WARN_NON_LITERAL_NULL_CONVERSION = YES;
				CLANG_WARN_OBJC_IMPLICIT_RETAIN_SELF = YES;
				CLANG_WARN_OBJC_LITERAL_CONVERSION = YES;
				CLANG_WARN_OBJC_ROOT_CLASS = YES_ERROR;
				CLANG_WARN_QUOTED_INCLUDE_IN_FRAMEWORK_HEADER = YES;
				CLANG_WARN_RANGE_LOOP_ANALYSIS = YES;
				CLANG_WARN_STRICT_PROTOTYPES = YES;
				CLANG_WARN_SUSPICIOUS_MOVE = YES;
				CLANG_WARN_UNGUARDED_AVAILABILITY = YES_AGGRESSIVE;
				CLANG_WARN_UNREACHABLE_CODE = YES;
				CLANG_WARN__DUPLICATE_METHOD_MATCH = YES;
				COPY_PHASE_STRIP = NO;
				DEBUG_INFORMATION_FORMAT = "dwarf-with-dsym";
				ENABLE_NS_ASSERTIONS = NO;
				ENABLE_STRICT_OBJC_MSGSEND = YES;
				GCC_C_LANGUAGE_STANDARD = gnu11;
				GCC_NO_COMMON_BLOCKS = YES;
				GCC_WARN_64_TO_32_BIT_CONVERSION = YES;
				GCC_WARN_ABOUT_RETURN_TYPE = YES_ERROR;
				GCC_WARN_UNDECLARED_SELECTOR = YES;
				GCC_WARN_UNINITIALIZED_AUTOS = YES_AGGRESSIVE;
				GCC_WARN_UNUSED_FUNCTION = YES;
				GCC_WARN_UNUSED_VARIABLE = YES;
				IPHONEOS_DEPLOYMENT_TARGET = 14.5;
				MTL_ENABLE_DEBUG_INFO = NO;
				MTL_FAST_MATH = YES;
				SDKROOT = iphoneos;
				SWIFT_COMPILATION_MODE = wholemodule;
				SWIFT_OPTIMIZATION_LEVEL = "-O";
				VALIDATE_PRODUCT = YES;
			};
			name = Release;
		};
		3B3B178D26A461CD00448DAB /* Debug */ = {
			isa = XCBuildConfiguration;
			baseConfigurationReference = B65C11BE494C750D99933D39 /* Pods-CloudMemoApp.debug.xcconfig */;
			buildSettings = {
				ASSETCATALOG_COMPILER_APPICON_NAME = AppIcon;
				ASSETCATALOG_COMPILER_GLOBAL_ACCENT_COLOR_NAME = AccentColor;
				CODE_SIGN_STYLE = Automatic;
				DEVELOPMENT_TEAM = J5XH9G27WZ;
				INFOPLIST_FILE = CloudMemoApp/Info.plist;
				LD_RUNPATH_SEARCH_PATHS = (
					"$(inherited)",
					"@executable_path/Frameworks",
				);
				PRODUCT_BUNDLE_IDENTIFIER = com.miyusato.CloudMemoApp;
				PRODUCT_NAME = "$(TARGET_NAME)";
				SWIFT_VERSION = 5.0;
				TARGETED_DEVICE_FAMILY = "1,2";
			};
			name = Debug;
		};
		3B3B178E26A461CD00448DAB /* Release */ = {
			isa = XCBuildConfiguration;
			baseConfigurationReference = 045A3596CF55518AE6D7D389 /* Pods-CloudMemoApp.release.xcconfig */;
			buildSettings = {
				ASSETCATALOG_COMPILER_APPICON_NAME = AppIcon;
				ASSETCATALOG_COMPILER_GLOBAL_ACCENT_COLOR_NAME = AccentColor;
				CODE_SIGN_STYLE = Automatic;
				DEVELOPMENT_TEAM = J5XH9G27WZ;
				INFOPLIST_FILE = CloudMemoApp/Info.plist;
				LD_RUNPATH_SEARCH_PATHS = (
					"$(inherited)",
					"@executable_path/Frameworks",
				);
				PRODUCT_BUNDLE_IDENTIFIER = com.miyusato.CloudMemoApp;
				PRODUCT_NAME = "$(TARGET_NAME)";
				SWIFT_VERSION = 5.0;
				TARGETED_DEVICE_FAMILY = "1,2";
			};
			name = Release;
		};
/* End XCBuildConfiguration section */

/* Begin XCConfigurationList section */
		3B3B177326A461CA00448DAB /* Build configuration list for PBXProject "CloudMemoApp" */ = {
			isa = XCConfigurationList;
			buildConfigurations = (
				3B3B178A26A461CD00448DAB /* Debug */,
				3B3B178B26A461CD00448DAB /* Release */,
			);
			defaultConfigurationIsVisible = 0;
			defaultConfigurationName = Release;
		};
		3B3B178C26A461CD00448DAB /* Build configuration list for PBXNativeTarget "CloudMemoApp" */ = {
			isa = XCConfigurationList;
			buildConfigurations = (
				3B3B178D26A461CD00448DAB /* Debug */,
				3B3B178E26A461CD00448DAB /* Release */,
			);
			defaultConfigurationIsVisible = 0;
			defaultConfigurationName = Release;
		};
/* End XCConfigurationList section */
	};
	rootObject = 3B3B177026A461CA00448DAB /* Project object */;
}
